
Microsoft Visual Studio Solution File, Format Version 12.00
# Visual Studio Version 17
VisualStudioVersion = 17.5.002.0
MinimumVisualStudioVersion = 10.0.40219.1
Project("{9A19103F-16F7-4668-BE54-9A1E7A4F7556}") = "studentdata", "studentdata\studentdata.csproj", "{C1A9B4FE-7D33-47BF-85CB-6F562BD1EF12}"
EndProject
Global
	GlobalSection(SolutionConfigurationPlatforms) = preSolution
		Debug|Any CPU = Debug|Any CPU
		Release|Any CPU = Release|Any CPU
	EndGlobalSection
	GlobalSection(ProjectConfigurationPlatforms) = postSolution
		{C1A9B4FE-7D33-47BF-85CB-6F562BD1EF12}.Debug|Any CPU.ActiveCfg = Debug|Any CPU
		{C1A9B4FE-7D33-47BF-85CB-6F562BD1EF12}.Debug|Any CPU.Build.0 = Debug|Any CPU
		{C1A9B4FE-7D33-47BF-85CB-6F562BD1EF12}.Release|Any CPU.ActiveCfg = Release|Any CPU
		{C1A9B4FE-7D33-47BF-85CB-6F562BD1EF12}.Release|Any CPU.Build.0 = Release|Any CPU
	EndGlobalSection
	GlobalSection(SolutionProperties) = preSolution
		HideSolutionNode = FALSE
	EndGlobalSection
	GlobalSection(ExtensibilityGlobals) = postSolution
		SolutionGuid = {7401B196-A372-4810-B7C1-EF7CB637DB05}
	EndGlobalSection
EndGlobal
